
Microsoft Visual Studio Solution File, Format Version 12.00
# Visual Studio 15
Project("{FAE04EC0-301F-11D3-BF4B-00C04F79EFBC}") = "PaymentGateway.Api", "src\PaymentGateway.Api\PaymentGateway.Api.csproj", "{6613A729-372B-466F-A31F-2782146A57E7}"
EndProject
Project("{2150E333-8FDC-42A3-9474-1A3956D46DE8}") = "src", "src", "{4F8AD29E-F31C-4AB4-A554-63CABC449DFD}"
EndProject
Project("{2150E333-8FDC-42A3-9474-1A3956D46DE8}") = "test", "test", "{6C84A857-8A9F-4F4F-B4FA-9DB4CBE3FA97}"
EndProject
Project("{FAE04EC0-301F-11D3-BF4B-00C04F79EFBC}") = "PaymentGateway.Models", "src\PaymentGateway.Models\PaymentGateway.Models.csproj", "{56E89BB2-2AA2-4B4C-A960-CBAE20FE2FFB}"
EndProject
Project("{FAE04EC0-301F-11D3-BF4B-00C04F79EFBC}") = "PaymentGateway.Application", "src\PaymentGateway.Application\PaymentGateway.Application.csproj", "{57A49086-68E2-4926-8E62-30F0230226EC}"
EndProject
Project("{2150E333-8FDC-42A3-9474-1A3956D46DE8}") = "Solution Items", "Solution Items", "{4B05E8AA-1758-404F-8F32-B7698D9DEC48}"
	ProjectSection(SolutionItems) = preProject
		docker-compose.yml = docker-compose.yml
	EndProjectSection
EndProject
Project("{FAE04EC0-301F-11D3-BF4B-00C04F79EFBC}") = "PaymentGateway.Api.Tests.Unit", "test\PaymentGateway.Api.Tests.Unit\PaymentGateway.Api.Tests.Unit.csproj", "{3989DF51-8342-4FEA-AD59-C2E114B5B39C}"
EndProject
Project("{FAE04EC0-301F-11D3-BF4B-00C04F79EFBC}") = "PaymentGateway.Api.Tests.Integration", "test\PaymentGateway.Api.Tests.Integration\PaymentGateway.Api.Tests.Integration.csproj", "{66B1F3EB-8CE5-487F-A655-B8D8189D1F3A}"
EndProject
Global
	GlobalSection(SolutionConfigurationPlatforms) = preSolution
		Debug|Any CPU = Debug|Any CPU
		Release|Any CPU = Release|Any CPU
	EndGlobalSection
	GlobalSection(ProjectConfigurationPlatforms) = postSolution
		{6613A729-372B-466F-A31F-2782146A57E7}.Debug|Any CPU.ActiveCfg = Debug|Any CPU
		{6613A729-372B-466F-A31F-2782146A57E7}.Debug|Any CPU.Build.0 = Debug|Any CPU
		{6613A729-372B-466F-A31F-2782146A57E7}.Release|Any CPU.ActiveCfg = Release|Any CPU
		{6613A729-372B-466F-A31F-2782146A57E7}.Release|Any CPU.Build.0 = Release|Any CPU
		{56E89BB2-2AA2-4B4C-A960-CBAE20FE2FFB}.Debug|Any CPU.ActiveCfg = Debug|Any CPU
		{56E89BB2-2AA2-4B4C-A960-CBAE20FE2FFB}.Debug|Any CPU.Build.0 = Debug|Any CPU
		{56E89BB2-2AA2-4B4C-A960-CBAE20FE2FFB}.Release|Any CPU.ActiveCfg = Release|Any CPU
		{56E89BB2-2AA2-4B4C-A960-CBAE20FE2FFB}.Release|Any CPU.Build.0 = Release|Any CPU
		{57A49086-68E2-4926-8E62-30F0230226EC}.Debug|Any CPU.ActiveCfg = Debug|Any CPU
		{57A49086-68E2-4926-8E62-30F0230226EC}.Debug|Any CPU.Build.0 = Debug|Any CPU
		{57A49086-68E2-4926-8E62-30F0230226EC}.Release|Any CPU.ActiveCfg = Release|Any CPU
		{57A49086-68E2-4926-8E62-30F0230226EC}.Release|Any CPU.Build.0 = Release|Any CPU
		{3989DF51-8342-4FEA-AD59-C2E114B5B39C}.Debug|Any CPU.ActiveCfg = Debug|Any CPU
		{3989DF51-8342-4FEA-AD59-C2E114B5B39C}.Debug|Any CPU.Build.0 = Debug|Any CPU
		{3989DF51-8342-4FEA-AD59-C2E114B5B39C}.Release|Any CPU.ActiveCfg = Release|Any CPU
		{3989DF51-8342-4FEA-AD59-C2E114B5B39C}.Release|Any CPU.Build.0 = Release|Any CPU
		{66B1F3EB-8CE5-487F-A655-B8D8189D1F3A}.Debug|Any CPU.ActiveCfg = Debug|Any CPU
		{66B1F3EB-8CE5-487F-A655-B8D8189D1F3A}.Debug|Any CPU.Build.0 = Debug|Any CPU
		{66B1F3EB-8CE5-487F-A655-B8D8189D1F3A}.Release|Any CPU.ActiveCfg = Release|Any CPU
		{66B1F3EB-8CE5-487F-A655-B8D8189D1F3A}.Release|Any CPU.Build.0 = Release|Any CPU
	EndGlobalSection
	GlobalSection(NestedProjects) = preSolution
		{6613A729-372B-466F-A31F-2782146A57E7} = {4F8AD29E-F31C-4AB4-A554-63CABC449DFD}
		{56E89BB2-2AA2-4B4C-A960-CBAE20FE2FFB} = {4F8AD29E-F31C-4AB4-A554-63CABC449DFD}
		{57A49086-68E2-4926-8E62-30F0230226EC} = {4F8AD29E-F31C-4AB4-A554-63CABC449DFD}
		{3989DF51-8342-4FEA-AD59-C2E114B5B39C} = {6C84A857-8A9F-4F4F-B4FA-9DB4CBE3FA97}
		{66B1F3EB-8CE5-487F-A655-B8D8189D1F3A} = {6C84A857-8A9F-4F4F-B4FA-9DB4CBE3FA97}
	EndGlobalSection
EndGlobal
